
Microsoft Visual Studio Solution File, Format Version 12.00
# Visual Studio Version 17
VisualStudioVersion = 17.0.31903.59
MinimumVisualStudioVersion = 10.0.40219.1
Project("{2150E333-8FDC-42A3-9474-1A3956D46DE8}") = "src", "src", "{31CCD6A8-80D7-4261-8822-F4BA87410B4D}"
EndProject
Project("{FAE04EC0-301F-11D3-BF4B-00C04F79EFBC}") = "SsbuTools", "src\SsbuTools\SsbuTools.csproj", "{6257E652-31E3-4D26-BBF8-5C974C4E7514}"
EndProject
Project("{FAE04EC0-301F-11D3-BF4B-00C04F79EFBC}") = "test", "src\test\test.csproj", "{058AF6CA-E4EC-4CC2-8116-0FB0FE653567}"
EndProject
Global
	GlobalSection(SolutionProperties) = preSolution
		HideSolutionNode = FALSE
	EndGlobalSection
	GlobalSection(SolutionConfigurationPlatforms) = preSolution
		Debug|Any CPU = Debug|Any CPU
		Debug|x64 = Debug|x64
		Debug|x86 = Debug|x86
		Release|Any CPU = Release|Any CPU
		Release|x64 = Release|x64
		Release|x86 = Release|x86
	EndGlobalSection
	GlobalSection(ProjectConfigurationPlatforms) = postSolution
		{6257E652-31E3-4D26-BBF8-5C974C4E7514}.Debug|Any CPU.ActiveCfg = Debug|Any CPU
		{6257E652-31E3-4D26-BBF8-5C974C4E7514}.Debug|Any CPU.Build.0 = Debug|Any CPU
		{6257E652-31E3-4D26-BBF8-5C974C4E7514}.Debug|x64.ActiveCfg = Debug|Any CPU
		{6257E652-31E3-4D26-BBF8-5C974C4E7514}.Debug|x64.Build.0 = Debug|Any CPU
		{6257E652-31E3-4D26-BBF8-5C974C4E7514}.Debug|x86.ActiveCfg = Debug|Any CPU
		{6257E652-31E3-4D26-BBF8-5C974C4E7514}.Debug|x86.Build.0 = Debug|Any CPU
		{6257E652-31E3-4D26-BBF8-5C974C4E7514}.Release|Any CPU.ActiveCfg = Release|Any CPU
		{6257E652-31E3-4D26-BBF8-5C974C4E7514}.Release|Any CPU.Build.0 = Release|Any CPU
		{6257E652-31E3-4D26-BBF8-5C974C4E7514}.Release|x64.ActiveCfg = Release|Any CPU
		{6257E652-31E3-4D26-BBF8-5C974C4E7514}.Release|x64.Build.0 = Release|Any CPU
		{6257E652-31E3-4D26-BBF8-5C974C4E7514}.Release|x86.ActiveCfg = Release|Any CPU
		{6257E652-31E3-4D26-BBF8-5C974C4E7514}.Release|x86.Build.0 = Release|Any CPU
		{058AF6CA-E4EC-4CC2-8116-0FB0FE653567}.Debug|Any CPU.ActiveCfg = Debug|Any CPU
		{058AF6CA-E4EC-4CC2-8116-0FB0FE653567}.Debug|Any CPU.Build.0 = Debug|Any CPU
		{058AF6CA-E4EC-4CC2-8116-0FB0FE653567}.Debug|x64.ActiveCfg = Debug|Any CPU
		{058AF6CA-E4EC-4CC2-8116-0FB0FE653567}.Debug|x64.Build.0 = Debug|Any CPU
		{058AF6CA-E4EC-4CC2-8116-0FB0FE653567}.Debug|x86.ActiveCfg = Debug|Any CPU
		{058AF6CA-E4EC-4CC2-8116-0FB0FE653567}.Debug|x86.Build.0 = Debug|Any CPU
		{058AF6CA-E4EC-4CC2-8116-0FB0FE653567}.Release|Any CPU.ActiveCfg = Release|Any CPU
		{058AF6CA-E4EC-4CC2-8116-0FB0FE653567}.Release|Any CPU.Build.0 = Release|Any CPU
		{058AF6CA-E4EC-4CC2-8116-0FB0FE653567}.Release|x64.ActiveCfg = Release|Any CPU
		{058AF6CA-E4EC-4CC2-8116-0FB0FE653567}.Release|x64.Build.0 = Release|Any CPU
		{058AF6CA-E4EC-4CC2-8116-0FB0FE653567}.Release|x86.ActiveCfg = Release|Any CPU
		{058AF6CA-E4EC-4CC2-8116-0FB0FE653567}.Release|x86.Build.0 = Release|Any CPU
	EndGlobalSection
	GlobalSection(NestedProjects) = preSolution
		{6257E652-31E3-4D26-BBF8-5C974C4E7514} = {31CCD6A8-80D7-4261-8822-F4BA87410B4D}
		{058AF6CA-E4EC-4CC2-8116-0FB0FE653567} = {31CCD6A8-80D7-4261-8822-F4BA87410B4D}
	EndGlobalSection
EndGlobal
